
Microsoft Visual Studio Solution File, Format Version 12.00
# Visual Studio Version 16
VisualStudioVersion = 16.0.34407.143
MinimumVisualStudioVersion = 10.0.40219.1
Project("{2150E333-8FDC-42A3-9474-1A3956D46DE8}") = "00.SY(시스템)", "00.SY(시스템)", "{26FFC097-CEA4-40AC-8A4B-7430CE614AEE}"
EndProject
Project("{FAE04EC0-301F-11D3-BF4B-00C04F79EFBC}") = "E2MAXSCM", "00.SY(시스템관리)\E2MaxSCM\E2MAXSCM.csproj", "{B0808ABE-66D8-4091-AC4E-2A0F0221C107}"
EndProject
Project("{FAE04EC0-301F-11D3-BF4B-00C04F79EFBC}") = "SystemBase", "00.SY(시스템관리)\SystemBase\SystemBase.csproj", "{45841E94-E806-4573-A93B-26D50A07EA9C}"
EndProject
Project("{FAE04EC0-301F-11D3-BF4B-00C04F79EFBC}") = "UIForm", "00.SY(시스템관리)\UIForm\UIForm.csproj", "{4EFC693F-1889-404A-B163-DF462EEE98C9}"
EndProject
Project("{FAE04EC0-301F-11D3-BF4B-00C04F79EFBC}") = "WNDW", "00.SY(시스템관리)\WNDW\WNDW.csproj", "{C9088CA0-829D-4845-80C7-CCC057823B75}"
EndProject
Project("{2150E333-8FDC-42A3-9474-1A3956D46DE8}") = "SCMB(공정관리)", "SCMB(공정관리)", "{D286D182-C835-4EB2-9B96-D59864D12AD8}"
EndProject
Project("{FAE04EC0-301F-11D3-BF4B-00C04F79EFBC}") = "SCM.SCM015", "01.SCM(SCM관리)\SCMB(공정관리)\SCM.SCM015(공정정보등록)\SCM.SCM015.csproj", "{CA634426-BC8F-433F-904F-4C685A8E2A01}"
EndProject
Project("{FAE04EC0-301F-11D3-BF4B-00C04F79EFBC}") = "SCM.SCM016", "01.SCM(SCM관리)\SCMB(공정관리)\SCM.SCM016(라우팅정보등록)\SCM.SCM016.csproj", "{31A7D59F-D8CB-41BC-91E7-037720243AED}"
EndProject
Project("{FAE04EC0-301F-11D3-BF4B-00C04F79EFBC}") = "SCM.SCM017", "01.SCM(SCM관리)\SCMB(공정관리)\SCM.SCM017(수주별생산진행등록)\SCM.SCM017.csproj", "{7EA38560-E660-4F35-81BD-7E60A33DF18A}"
EndProject
Project("{2150E333-8FDC-42A3-9474-1A3956D46DE8}") = "SCMC(납품증빙문서관리)", "SCMC(납품증빙문서관리)", "{B488BDAA-3722-40A6-A404-16E30020CBFB}"
EndProject
Project("{FAE04EC0-301F-11D3-BF4B-00C04F79EFBC}") = "SCM.SCM101", "01.SCM(SCM관리)\SCMC(납품증빙문서관리)\SCM.SCM101(납품증빙등록)\SCM.SCM101.csproj", "{72D2A72F-F48B-4F6C-838F-F48F50BD9C1E}"
EndProject
Project("{FAE04EC0-301F-11D3-BF4B-00C04F79EFBC}") = "SCM.SCM102", "01.SCM(SCM관리)\SCMC(납품증빙문서관리)\SCM.SCM102(납품증빙조회)\SCM.SCM102.csproj", "{0716DC0B-BE85-45A0-A1D2-DFC8D18E226E}"
EndProject
Project("{FAE04EC0-301F-11D3-BF4B-00C04F79EFBC}") = "EDocument", "00.SY(시스템관리)\EDocument\EDocument.csproj", "{65634ED7-0FEA-49FD-A4A1-9F9673D8E5F9}"
EndProject
Project("{2150E333-8FDC-42A3-9474-1A3956D46DE8}") = "SCME(비밀번호관리)", "SCME(비밀번호관리)", "{426967C1-DBCA-47B0-8CEF-92219C7D5C7E}"
EndProject
Project("{FAE04EC0-301F-11D3-BF4B-00C04F79EFBC}") = "SCM.SCM018", "01.SCM(SCM관리)\SCME(비밀번호관리)\SCM.SCM018(비밀번호등록)\SCM.SCM018.csproj", "{ADE9201E-1774-4475-9AE4-D0169B6C82B5}"
EndProject
Project("{2150E333-8FDC-42A3-9474-1A3956D46DE8}") = "SCMA(납품관리)", "SCMA(납품관리)", "{5E042E26-3795-4A55-B9C3-12D4691DE8CA}"
EndProject
Project("{2150E333-8FDC-42A3-9474-1A3956D46DE8}") = "SCMD(품질관리)", "SCMD(품질관리)", "{01110B5F-8CBD-4115-A839-45C17853B453}"
EndProject
Project("{FAE04EC0-301F-11D3-BF4B-00C04F79EFBC}") = "SCM.SCM051", "01.SCM(SCM관리)\SCMD(품질관리)\SCM.SCM051(전진검사요청등록)\SCM.SCM051.csproj", "{C7398D42-4268-4930-9FAB-05C41BF27AE2}"
	ProjectSection(ProjectDependencies) = postProject
		{C9088CA0-829D-4845-80C7-CCC057823B75} = {C9088CA0-829D-4845-80C7-CCC057823B75}
	EndProjectSection
EndProject
Project("{FAE04EC0-301F-11D3-BF4B-00C04F79EFBC}") = "SCM.SCM052", "01.SCM(SCM관리)\SCMD(품질관리)\SCM.SCM052(전진검사요청수정)\SCM.SCM052.csproj", "{98B89EA2-6F39-47FE-A156-B980C731B3DA}"
	ProjectSection(ProjectDependencies) = postProject
		{C9088CA0-829D-4845-80C7-CCC057823B75} = {C9088CA0-829D-4845-80C7-CCC057823B75}
	EndProjectSection
EndProject
Project("{FAE04EC0-301F-11D3-BF4B-00C04F79EFBC}") = "SCM.SCM001", "01.SCM(SCM관리)\SCMA(납품관리)\SCM.SCM001(견적접수및제출)\SCM.SCM001.csproj", "{4BB72167-0A4E-4439-9809-CD78A1597EFA}"
	ProjectSection(ProjectDependencies) = postProject
		{4EFC693F-1889-404A-B163-DF462EEE98C9} = {4EFC693F-1889-404A-B163-DF462EEE98C9}
		{C9088CA0-829D-4845-80C7-CCC057823B75} = {C9088CA0-829D-4845-80C7-CCC057823B75}
	EndProjectSection
EndProject
Project("{FAE04EC0-301F-11D3-BF4B-00C04F79EFBC}") = "SCM.SCM002", "01.SCM(SCM관리)\SCMA(납품관리)\SCM.SCM002(견적상세현황)\SCM.SCM002.csproj", "{27D1E3B6-B0EA-477E-85BA-D9A6211B0474}"
	ProjectSection(ProjectDependencies) = postProject
		{4EFC693F-1889-404A-B163-DF462EEE98C9} = {4EFC693F-1889-404A-B163-DF462EEE98C9}
		{C9088CA0-829D-4845-80C7-CCC057823B75} = {C9088CA0-829D-4845-80C7-CCC057823B75}
	EndProjectSection
EndProject
Project("{FAE04EC0-301F-11D3-BF4B-00C04F79EFBC}") = "SCM.SCM003", "01.SCM(SCM관리)\SCMA(납품관리)\SCM.SCM003(수주접수)\SCM.SCM003.csproj", "{F26CB066-71B3-4E38-BBA5-EEC423A2B1CF}"
	ProjectSection(ProjectDependencies) = postProject
		{4EFC693F-1889-404A-B163-DF462EEE98C9} = {4EFC693F-1889-404A-B163-DF462EEE98C9}
		{C9088CA0-829D-4845-80C7-CCC057823B75} = {C9088CA0-829D-4845-80C7-CCC057823B75}
	EndProjectSection
EndProject
Project("{FAE04EC0-301F-11D3-BF4B-00C04F79EFBC}") = "SCM.SCM004", "01.SCM(SCM관리)\SCMA(납품관리)\SCM.SCM004(수주상세현황)\SCM.SCM004.csproj", "{19561772-7AE1-454A-BA44-30F8C07E4079}"
	ProjectSection(ProjectDependencies) = postProject
		{4EFC693F-1889-404A-B163-DF462EEE98C9} = {4EFC693F-1889-404A-B163-DF462EEE98C9}
		{C9088CA0-829D-4845-80C7-CCC057823B75} = {C9088CA0-829D-4845-80C7-CCC057823B75}
	EndProjectSection
EndProject
Project("{FAE04EC0-301F-11D3-BF4B-00C04F79EFBC}") = "SCM.SCM005", "01.SCM(SCM관리)\SCMA(납품관리)\SCM.SCM005(수주집계현황)\SCM.SCM005.csproj", "{6CB33A8D-F193-47E6-9FBB-5D2B238F2611}"
	ProjectSection(ProjectDependencies) = postProject
		{4EFC693F-1889-404A-B163-DF462EEE98C9} = {4EFC693F-1889-404A-B163-DF462EEE98C9}
		{C9088CA0-829D-4845-80C7-CCC057823B75} = {C9088CA0-829D-4845-80C7-CCC057823B75}
	EndProjectSection
EndProject
Project("{FAE04EC0-301F-11D3-BF4B-00C04F79EFBC}") = "SCM.SCM006", "01.SCM(SCM관리)\SCMA(납품관리)\SCM.SCM006(PO번호별 수주집계)\SCM.SCM006.csproj", "{E619C4A3-8A31-416C-AD7F-E7D307036E47}"
	ProjectSection(ProjectDependencies) = postProject
		{C9088CA0-829D-4845-80C7-CCC057823B75} = {C9088CA0-829D-4845-80C7-CCC057823B75}
	EndProjectSection
EndProject
Project("{FAE04EC0-301F-11D3-BF4B-00C04F79EFBC}") = "SCM.SCM007", "01.SCM(SCM관리)\SCMA(납품관리)\SCM.SCM007(출고처리)\SCM.SCM007.csproj", "{6C7B8441-41EA-4BAC-9390-1A0F31114ECD}"
	ProjectSection(ProjectDependencies) = postProject
		{C9088CA0-829D-4845-80C7-CCC057823B75} = {C9088CA0-829D-4845-80C7-CCC057823B75}
	EndProjectSection
EndProject
Project("{FAE04EC0-301F-11D3-BF4B-00C04F79EFBC}") = "SCM.SCM008", "01.SCM(SCM관리)\SCMA(납품관리)\SCM.SCM008(출고취소)\SCM.SCM008.csproj", "{B8A34E6B-B240-4130-8AFF-2FA4448A7E3C}"
	ProjectSection(ProjectDependencies) = postProject
		{C9088CA0-829D-4845-80C7-CCC057823B75} = {C9088CA0-829D-4845-80C7-CCC057823B75}
	EndProjectSection
EndProject
Project("{FAE04EC0-301F-11D3-BF4B-00C04F79EFBC}") = "SCM.SCM009", "01.SCM(SCM관리)\SCMA(납품관리)\SCM.SCM009(출고상세현황)\SCM.SCM009.csproj", "{276746DA-FA3E-48BD-85DD-D0C7D7C37A9E}"
	ProjectSection(ProjectDependencies) = postProject
		{C9088CA0-829D-4845-80C7-CCC057823B75} = {C9088CA0-829D-4845-80C7-CCC057823B75}
	EndProjectSection
EndProject
Project("{FAE04EC0-301F-11D3-BF4B-00C04F79EFBC}") = "SCM.SCM010", "01.SCM(SCM관리)\SCMA(납품관리)\SCM.SCM010(출고집계현황)\SCM.SCM010.csproj", "{74E9663E-A973-4BE7-BC0C-F82FFA085E30}"
	ProjectSection(ProjectDependencies) = postProject
		{C9088CA0-829D-4845-80C7-CCC057823B75} = {C9088CA0-829D-4845-80C7-CCC057823B75}
	EndProjectSection
EndProject
Project("{FAE04EC0-301F-11D3-BF4B-00C04F79EFBC}") = "SCM.SCM011", "01.SCM(SCM관리)\SCMA(납품관리)\SCM.SCM011(PO번호별출고집계)\SCM.SCM011.csproj", "{F2F207B1-E71E-4B5C-83F0-6122B3FDEB8D}"
	ProjectSection(ProjectDependencies) = postProject
		{C9088CA0-829D-4845-80C7-CCC057823B75} = {C9088CA0-829D-4845-80C7-CCC057823B75}
	EndProjectSection
EndProject
Project("{FAE04EC0-301F-11D3-BF4B-00C04F79EFBC}") = "SCM.SCM012", "01.SCM(SCM관리)\SCMA(납품관리)\SCM.SCM012(거래명세서출력)\SCM.SCM012.csproj", "{21845F27-3CD9-4B76-A7D6-8D388BAFDF89}"
	ProjectSection(ProjectDependencies) = postProject
		{C9088CA0-829D-4845-80C7-CCC057823B75} = {C9088CA0-829D-4845-80C7-CCC057823B75}
	EndProjectSection
EndProject
Project("{FAE04EC0-301F-11D3-BF4B-00C04F79EFBC}") = "SCM.SCM013", "01.SCM(SCM관리)\SCMA(납품관리)\SCM.SCM013(월별집계상세현황)\SCM.SCM013.csproj", "{5F0379C8-B85E-4F73-B192-EDC323C68030}"
	ProjectSection(ProjectDependencies) = postProject
		{C9088CA0-829D-4845-80C7-CCC057823B75} = {C9088CA0-829D-4845-80C7-CCC057823B75}
	EndProjectSection
EndProject
Project("{FAE04EC0-301F-11D3-BF4B-00C04F79EFBC}") = "SCM.SCM014", "01.SCM(SCM관리)\SCMA(납품관리)\SCM.SCM014(CLAIM관리)\SCM.SCM014.csproj", "{3BBE4082-1B9D-4243-A389-F7128E0C6E0B}"
	ProjectSection(ProjectDependencies) = postProject
		{C9088CA0-829D-4845-80C7-CCC057823B75} = {C9088CA0-829D-4845-80C7-CCC057823B75}
	EndProjectSection
EndProject
Project("{FAE04EC0-301F-11D3-BF4B-00C04F79EFBC}") = "SCM.SCM019", "01.SCM(SCM관리)\SCMA(납품관리)\SCM.SCM019(외주자재출고요청서)\SCM.SCM019.csproj", "{7370DE6D-D976-492F-9699-C649470E7244}"
	ProjectSection(ProjectDependencies) = postProject
		{4EFC693F-1889-404A-B163-DF462EEE98C9} = {4EFC693F-1889-404A-B163-DF462EEE98C9}
	EndProjectSection
EndProject
Project("{FAE04EC0-301F-11D3-BF4B-00C04F79EFBC}") = "SCM.SCM020", "01.SCM(SCM관리)\SCMA(납품관리)\SCM.SCM020(발주서출력)\SCM.SCM020.csproj", "{5262C540-745B-4AD6-BC78-F92387AFAD96}"
	ProjectSection(ProjectDependencies) = postProject
		{4EFC693F-1889-404A-B163-DF462EEE98C9} = {4EFC693F-1889-404A-B163-DF462EEE98C9}
		{C9088CA0-829D-4845-80C7-CCC057823B75} = {C9088CA0-829D-4845-80C7-CCC057823B75}
	EndProjectSection
EndProject
Project("{FAE04EC0-301F-11D3-BF4B-00C04F79EFBC}") = "SCM.SCM021", "01.SCM(SCM관리)\SCMA(납품관리)\SCM.SCM021(매입내역상세조회)\SCM.SCM021.csproj", "{1667D57E-0108-42BF-9AB5-E9A368EB7A1C}"
	ProjectSection(ProjectDependencies) = postProject
		{C9088CA0-829D-4845-80C7-CCC057823B75} = {C9088CA0-829D-4845-80C7-CCC057823B75}
	EndProjectSection
EndProject
Project("{2150E333-8FDC-42A3-9474-1A3956D46DE8}") = "SCMN(협력사품질보증)", "SCMN(협력사품질보증)", "{8ED5A372-EAEF-48C2-82B2-15284237FEAB}"
EndProject
Project("{FAE04EC0-301F-11D3-BF4B-00C04F79EFBC}") = "SCM.SCM031", "01.SCM(SCM관리)\SCMN(협력사품질보증)\SCM.SCM031\SCM.SCM031.csproj", "{E225E6DF-2AD7-4FDA-8152-8C46A1B28DB1}"
EndProject
Project("{FAE04EC0-301F-11D3-BF4B-00C04F79EFBC}") = "SCM.SCM032", "01.SCM(SCM관리)\SCMN(협력사품질보증)\SCM.SCM032\SCM.SCM032.csproj", "{54DD4A20-C0D9-474B-93F6-85FDCE349B16}"
EndProject
Project("{FAE04EC0-301F-11D3-BF4B-00C04F79EFBC}") = "SCM.SCM033", "01.SCM(SCM관리)\SCMN(협력사품질보증)\SCM.SCM033\SCM.SCM033.csproj", "{B8CA827F-E584-444D-ABD9-6777C01BDAA5}"
EndProject
Global
	GlobalSection(SolutionConfigurationPlatforms) = preSolution
		Debug|Any CPU = Debug|Any CPU
		Debug|x86 = Debug|x86
		Release|Any CPU = Release|Any CPU
		Release|x86 = Release|x86
	EndGlobalSection
	GlobalSection(ProjectConfigurationPlatforms) = postSolution
		{B0808ABE-66D8-4091-AC4E-2A0F0221C107}.Debug|Any CPU.ActiveCfg = Debug|Any CPU
		{B0808ABE-66D8-4091-AC4E-2A0F0221C107}.Debug|Any CPU.Build.0 = Debug|Any CPU
		{B0808ABE-66D8-4091-AC4E-2A0F0221C107}.Debug|x86.ActiveCfg = Debug|Any CPU
		{B0808ABE-66D8-4091-AC4E-2A0F0221C107}.Debug|x86.Build.0 = Debug|Any CPU
		{B0808ABE-66D8-4091-AC4E-2A0F0221C107}.Release|Any CPU.ActiveCfg = Release|Any CPU
		{B0808ABE-66D8-4091-AC4E-2A0F0221C107}.Release|Any CPU.Build.0 = Release|Any CPU
		{B0808ABE-66D8-4091-AC4E-2A0F0221C107}.Release|x86.ActiveCfg = Release|Any CPU
		{B0808ABE-66D8-4091-AC4E-2A0F0221C107}.Release|x86.Build.0 = Release|Any CPU
		{45841E94-E806-4573-A93B-26D50A07EA9C}.Debug|Any CPU.ActiveCfg = Debug|Any CPU
		{45841E94-E806-4573-A93B-26D50A07EA9C}.Debug|Any CPU.Build.0 = Debug|Any CPU
		{45841E94-E806-4573-A93B-26D50A07EA9C}.Debug|x86.ActiveCfg = Debug|Any CPU
		{45841E94-E806-4573-A93B-26D50A07EA9C}.Debug|x86.Build.0 = Debug|Any CPU
		{45841E94-E806-4573-A93B-26D50A07EA9C}.Release|Any CPU.ActiveCfg = Release|Any CPU
		{45841E94-E806-4573-A93B-26D50A07EA9C}.Release|Any CPU.Build.0 = Release|Any CPU
		{45841E94-E806-4573-A93B-26D50A07EA9C}.Release|x86.ActiveCfg = Release|Any CPU
		{45841E94-E806-4573-A93B-26D50A07EA9C}.Release|x86.Build.0 = Release|Any CPU
		{4EFC693F-1889-404A-B163-DF462EEE98C9}.Debug|Any CPU.ActiveCfg = Debug|Any CPU
		{4EFC693F-1889-404A-B163-DF462EEE98C9}.Debug|Any CPU.Build.0 = Debug|Any CPU
		{4EFC693F-1889-404A-B163-DF462EEE98C9}.Debug|x86.ActiveCfg = Debug|Any CPU
		{4EFC693F-1889-404A-B163-DF462EEE98C9}.Debug|x86.Build.0 = Debug|Any CPU
		{4EFC693F-1889-404A-B163-DF462EEE98C9}.Release|Any CPU.ActiveCfg = Release|Any CPU
		{4EFC693F-1889-404A-B163-DF462EEE98C9}.Release|Any CPU.Build.0 = Release|Any CPU
		{4EFC693F-1889-404A-B163-DF462EEE98C9}.Release|x86.ActiveCfg = Release|Any CPU
		{4EFC693F-1889-404A-B163-DF462EEE98C9}.Release|x86.Build.0 = Release|Any CPU
		{C9088CA0-829D-4845-80C7-CCC057823B75}.Debug|Any CPU.ActiveCfg = Debug|Any CPU
		{C9088CA0-829D-4845-80C7-CCC057823B75}.Debug|Any CPU.Build.0 = Debug|Any CPU
		{C9088CA0-829D-4845-80C7-CCC057823B75}.Debug|x86.ActiveCfg = Debug|Any CPU
		{C9088CA0-829D-4845-80C7-CCC057823B75}.Debug|x86.Build.0 = Debug|Any CPU
		{C9088CA0-829D-4845-80C7-CCC057823B75}.Release|Any CPU.ActiveCfg = Release|Any CPU
		{C9088CA0-829D-4845-80C7-CCC057823B75}.Release|Any CPU.Build.0 = Release|Any CPU
		{C9088CA0-829D-4845-80C7-CCC057823B75}.Release|x86.ActiveCfg = Release|Any CPU
		{C9088CA0-829D-4845-80C7-CCC057823B75}.Release|x86.Build.0 = Release|Any CPU
		{CA634426-BC8F-433F-904F-4C685A8E2A01}.Debug|Any CPU.ActiveCfg = Debug|Any CPU
		{CA634426-BC8F-433F-904F-4C685A8E2A01}.Debug|Any CPU.Build.0 = Debug|Any CPU
		{CA634426-BC8F-433F-904F-4C685A8E2A01}.Debug|x86.ActiveCfg = Debug|Any CPU
		{CA634426-BC8F-433F-904F-4C685A8E2A01}.Debug|x86.Build.0 = Debug|Any CPU
		{CA634426-BC8F-433F-904F-4C685A8E2A01}.Release|Any CPU.ActiveCfg = Release|Any CPU
		{CA634426-BC8F-433F-904F-4C685A8E2A01}.Release|Any CPU.Build.0 = Release|Any CPU
		{CA634426-BC8F-433F-904F-4C685A8E2A01}.Release|x86.ActiveCfg = Release|Any CPU
		{CA634426-BC8F-433F-904F-4C685A8E2A01}.Release|x86.Build.0 = Release|Any CPU
		{31A7D59F-D8CB-41BC-91E7-037720243AED}.Debug|Any CPU.ActiveCfg = Debug|Any CPU
		{31A7D59F-D8CB-41BC-91E7-037720243AED}.Debug|Any CPU.Build.0 = Debug|Any CPU
		{31A7D59F-D8CB-41BC-91E7-037720243AED}.Debug|x86.ActiveCfg = Debug|Any CPU
		{31A7D59F-D8CB-41BC-91E7-037720243AED}.Debug|x86.Build.0 = Debug|Any CPU
		{31A7D59F-D8CB-41BC-91E7-037720243AED}.Release|Any CPU.ActiveCfg = Release|Any CPU
		{31A7D59F-D8CB-41BC-91E7-037720243AED}.Release|Any CPU.Build.0 = Release|Any CPU
		{31A7D59F-D8CB-41BC-91E7-037720243AED}.Release|x86.ActiveCfg = Release|Any CPU
		{31A7D59F-D8CB-41BC-91E7-037720243AED}.Release|x86.Build.0 = Release|Any CPU
		{7EA38560-E660-4F35-81BD-7E60A33DF18A}.Debug|Any CPU.ActiveCfg = Debug|Any CPU
		{7EA38560-E660-4F35-81BD-7E60A33DF18A}.Debug|Any CPU.Build.0 = Debug|Any CPU
		{7EA38560-E660-4F35-81BD-7E60A33DF18A}.Debug|x86.ActiveCfg = Debug|Any CPU
		{7EA38560-E660-4F35-81BD-7E60A33DF18A}.Debug|x86.Build.0 = Debug|Any CPU
		{7EA38560-E660-4F35-81BD-7E60A33DF18A}.Release|Any CPU.ActiveCfg = Release|Any CPU
		{7EA38560-E660-4F35-81BD-7E60A33DF18A}.Release|Any CPU.Build.0 = Release|Any CPU
		{7EA38560-E660-4F35-81BD-7E60A33DF18A}.Release|x86.ActiveCfg = Release|Any CPU
		{7EA38560-E660-4F35-81BD-7E60A33DF18A}.Release|x86.Build.0 = Release|Any CPU
		{72D2A72F-F48B-4F6C-838F-F48F50BD9C1E}.Debug|Any CPU.ActiveCfg = Debug|Any CPU
		{72D2A72F-F48B-4F6C-838F-F48F50BD9C1E}.Debug|Any CPU.Build.0 = Debug|Any CPU
		{72D2A72F-F48B-4F6C-838F-F48F50BD9C1E}.Debug|x86.ActiveCfg = Debug|Any CPU
		{72D2A72F-F48B-4F6C-838F-F48F50BD9C1E}.Debug|x86.Build.0 = Debug|Any CPU
		{72D2A72F-F48B-4F6C-838F-F48F50BD9C1E}.Release|Any CPU.ActiveCfg = Release|Any CPU
		{72D2A72F-F48B-4F6C-838F-F48F50BD9C1E}.Release|Any CPU.Build.0 = Release|Any CPU
		{72D2A72F-F48B-4F6C-838F-F48F50BD9C1E}.Release|x86.ActiveCfg = Release|Any CPU
		{72D2A72F-F48B-4F6C-838F-F48F50BD9C1E}.Release|x86.Build.0 = Release|Any CPU
		{0716DC0B-BE85-45A0-A1D2-DFC8D18E226E}.Debug|Any CPU.ActiveCfg = Debug|Any CPU
		{0716DC0B-BE85-45A0-A1D2-DFC8D18E226E}.Debug|Any CPU.Build.0 = Debug|Any CPU
		{0716DC0B-BE85-45A0-A1D2-DFC8D18E226E}.Debug|x86.ActiveCfg = Debug|Any CPU
		{0716DC0B-BE85-45A0-A1D2-DFC8D18E226E}.Debug|x86.Build.0 = Debug|Any CPU
		{0716DC0B-BE85-45A0-A1D2-DFC8D18E226E}.Release|Any CPU.ActiveCfg = Release|Any CPU
		{0716DC0B-BE85-45A0-A1D2-DFC8D18E226E}.Release|Any CPU.Build.0 = Release|Any CPU
		{0716DC0B-BE85-45A0-A1D2-DFC8D18E226E}.Release|x86.ActiveCfg = Release|Any CPU
		{0716DC0B-BE85-45A0-A1D2-DFC8D18E226E}.Release|x86.Build.0 = Release|Any CPU
		{65634ED7-0FEA-49FD-A4A1-9F9673D8E5F9}.Debug|Any CPU.ActiveCfg = Debug|Any CPU
		{65634ED7-0FEA-49FD-A4A1-9F9673D8E5F9}.Debug|Any CPU.Build.0 = Debug|Any CPU
		{65634ED7-0FEA-49FD-A4A1-9F9673D8E5F9}.Debug|x86.ActiveCfg = Debug|Any CPU
		{65634ED7-0FEA-49FD-A4A1-9F9673D8E5F9}.Debug|x86.Build.0 = Debug|Any CPU
		{65634ED7-0FEA-49FD-A4A1-9F9673D8E5F9}.Release|Any CPU.ActiveCfg = Release|Any CPU
		{65634ED7-0FEA-49FD-A4A1-9F9673D8E5F9}.Release|Any CPU.Build.0 = Release|Any CPU
		{65634ED7-0FEA-49FD-A4A1-9F9673D8E5F9}.Release|x86.ActiveCfg = Release|Any CPU
		{65634ED7-0FEA-49FD-A4A1-9F9673D8E5F9}.Release|x86.Build.0 = Release|Any CPU
		{ADE9201E-1774-4475-9AE4-D0169B6C82B5}.Debug|Any CPU.ActiveCfg = Debug|Any CPU
		{ADE9201E-1774-4475-9AE4-D0169B6C82B5}.Debug|Any CPU.Build.0 = Debug|Any CPU
		{ADE9201E-1774-4475-9AE4-D0169B6C82B5}.Debug|x86.ActiveCfg = Debug|Any CPU
		{ADE9201E-1774-4475-9AE4-D0169B6C82B5}.Debug|x86.Build.0 = Debug|Any CPU
		{ADE9201E-1774-4475-9AE4-D0169B6C82B5}.Release|Any CPU.ActiveCfg = Release|Any CPU
		{ADE9201E-1774-4475-9AE4-D0169B6C82B5}.Release|Any CPU.Build.0 = Release|Any CPU
		{ADE9201E-1774-4475-9AE4-D0169B6C82B5}.Release|x86.ActiveCfg = Release|Any CPU
		{ADE9201E-1774-4475-9AE4-D0169B6C82B5}.Release|x86.Build.0 = Release|Any CPU
		{C7398D42-4268-4930-9FAB-05C41BF27AE2}.Debug|Any CPU.ActiveCfg = Debug|Any CPU
		{C7398D42-4268-4930-9FAB-05C41BF27AE2}.Debug|Any CPU.Build.0 = Debug|Any CPU
		{C7398D42-4268-4930-9FAB-05C41BF27AE2}.Debug|x86.ActiveCfg = Debug|Any CPU
		{C7398D42-4268-4930-9FAB-05C41BF27AE2}.Debug|x86.Build.0 = Debug|Any CPU
		{C7398D42-4268-4930-9FAB-05C41BF27AE2}.Release|Any CPU.ActiveCfg = Release|Any CPU
		{C7398D42-4268-4930-9FAB-05C41BF27AE2}.Release|Any CPU.Build.0 = Release|Any CPU
		{C7398D42-4268-4930-9FAB-05C41BF27AE2}.Release|x86.ActiveCfg = Release|Any CPU
		{C7398D42-4268-4930-9FAB-05C41BF27AE2}.Release|x86.Build.0 = Release|Any CPU
		{98B89EA2-6F39-47FE-A156-B980C731B3DA}.Debug|Any CPU.ActiveCfg = Debug|Any CPU
		{98B89EA2-6F39-47FE-A156-B980C731B3DA}.Debug|Any CPU.Build.0 = Debug|Any CPU
		{98B89EA2-6F39-47FE-A156-B980C731B3DA}.Debug|x86.ActiveCfg = Debug|Any CPU
		{98B89EA2-6F39-47FE-A156-B980C731B3DA}.Debug|x86.Build.0 = Debug|Any CPU
		{98B89EA2-6F39-47FE-A156-B980C731B3DA}.Release|Any CPU.ActiveCfg = Release|Any CPU
		{98B89EA2-6F39-47FE-A156-B980C731B3DA}.Release|Any CPU.Build.0 = Release|Any CPU
		{98B89EA2-6F39-47FE-A156-B980C731B3DA}.Release|x86.ActiveCfg = Release|Any CPU
		{98B89EA2-6F39-47FE-A156-B980C731B3DA}.Release|x86.Build.0 = Release|Any CPU
		{4BB72167-0A4E-4439-9809-CD78A1597EFA}.Debug|Any CPU.ActiveCfg = Debug|Any CPU
		{4BB72167-0A4E-4439-9809-CD78A1597EFA}.Debug|Any CPU.Build.0 = Debug|Any CPU
		{4BB72167-0A4E-4439-9809-CD78A1597EFA}.Debug|x86.ActiveCfg = Debug|Any CPU
		{4BB72167-0A4E-4439-9809-CD78A1597EFA}.Release|Any CPU.ActiveCfg = Release|Any CPU
		{4BB72167-0A4E-4439-9809-CD78A1597EFA}.Release|Any CPU.Build.0 = Release|Any CPU
		{4BB72167-0A4E-4439-9809-CD78A1597EFA}.Release|x86.ActiveCfg = Release|Any CPU
		{27D1E3B6-B0EA-477E-85BA-D9A6211B0474}.Debug|Any CPU.ActiveCfg = Debug|Any CPU
		{27D1E3B6-B0EA-477E-85BA-D9A6211B0474}.Debug|Any CPU.Build.0 = Debug|Any CPU
		{27D1E3B6-B0EA-477E-85BA-D9A6211B0474}.Debug|x86.ActiveCfg = Debug|Any CPU
		{27D1E3B6-B0EA-477E-85BA-D9A6211B0474}.Release|Any CPU.ActiveCfg = Release|Any CPU
		{27D1E3B6-B0EA-477E-85BA-D9A6211B0474}.Release|Any CPU.Build.0 = Release|Any CPU
		{27D1E3B6-B0EA-477E-85BA-D9A6211B0474}.Release|x86.ActiveCfg = Release|Any CPU
		{F26CB066-71B3-4E38-BBA5-EEC423A2B1CF}.Debug|Any CPU.ActiveCfg = Debug|Any CPU
		{F26CB066-71B3-4E38-BBA5-EEC423A2B1CF}.Debug|Any CPU.Build.0 = Debug|Any CPU
		{F26CB066-71B3-4E38-BBA5-EEC423A2B1CF}.Debug|x86.ActiveCfg = Debug|Any CPU
		{F26CB066-71B3-4E38-BBA5-EEC423A2B1CF}.Debug|x86.Build.0 = Debug|Any CPU
		{F26CB066-71B3-4E38-BBA5-EEC423A2B1CF}.Release|Any CPU.ActiveCfg = Release|Any CPU
		{F26CB066-71B3-4E38-BBA5-EEC423A2B1CF}.Release|Any CPU.Build.0 = Release|Any CPU
		{F26CB066-71B3-4E38-BBA5-EEC423A2B1CF}.Release|x86.ActiveCfg = Release|Any CPU
		{F26CB066-71B3-4E38-BBA5-EEC423A2B1CF}.Release|x86.Build.0 = Release|Any CPU
		{19561772-7AE1-454A-BA44-30F8C07E4079}.Debug|Any CPU.ActiveCfg = Debug|Any CPU
		{19561772-7AE1-454A-BA44-30F8C07E4079}.Debug|Any CPU.Build.0 = Debug|Any CPU
		{19561772-7AE1-454A-BA44-30F8C07E4079}.Debug|x86.ActiveCfg = Debug|Any CPU
		{19561772-7AE1-454A-BA44-30F8C07E4079}.Debug|x86.Build.0 = Debug|Any CPU
		{19561772-7AE1-454A-BA44-30F8C07E4079}.Release|Any CPU.ActiveCfg = Release|Any CPU
		{19561772-7AE1-454A-BA44-30F8C07E4079}.Release|Any CPU.Build.0 = Release|Any CPU
		{19561772-7AE1-454A-BA44-30F8C07E4079}.Release|x86.ActiveCfg = Release|Any CPU
		{19561772-7AE1-454A-BA44-30F8C07E4079}.Release|x86.Build.0 = Release|Any CPU
		{6CB33A8D-F193-47E6-9FBB-5D2B238F2611}.Debug|Any CPU.ActiveCfg = Debug|Any CPU
		{6CB33A8D-F193-47E6-9FBB-5D2B238F2611}.Debug|Any CPU.Build.0 = Debug|Any CPU
		{6CB33A8D-F193-47E6-9FBB-5D2B238F2611}.Debug|x86.ActiveCfg = Debug|Any CPU
		{6CB33A8D-F193-47E6-9FBB-5D2B238F2611}.Debug|x86.Build.0 = Debug|Any CPU
		{6CB33A8D-F193-47E6-9FBB-5D2B238F2611}.Release|Any CPU.ActiveCfg = Release|Any CPU
		{6CB33A8D-F193-47E6-9FBB-5D2B238F2611}.Release|Any CPU.Build.0 = Release|Any CPU
		{6CB33A8D-F193-47E6-9FBB-5D2B238F2611}.Release|x86.ActiveCfg = Release|Any CPU
		{6CB33A8D-F193-47E6-9FBB-5D2B238F2611}.Release|x86.Build.0 = Release|Any CPU
		{E619C4A3-8A31-416C-AD7F-E7D307036E47}.Debug|Any CPU.ActiveCfg = Debug|Any CPU
		{E619C4A3-8A31-416C-AD7F-E7D307036E47}.Debug|Any CPU.Build.0 = Debug|Any CPU
		{E619C4A3-8A31-416C-AD7F-E7D307036E47}.Debug|x86.ActiveCfg = Debug|Any CPU
		{E619C4A3-8A31-416C-AD7F-E7D307036E47}.Debug|x86.Build.0 = Debug|Any CPU
		{E619C4A3-8A31-416C-AD7F-E7D307036E47}.Release|Any CPU.ActiveCfg = Release|Any CPU
		{E619C4A3-8A31-416C-AD7F-E7D307036E47}.Release|Any CPU.Build.0 = Release|Any CPU
		{E619C4A3-8A31-416C-AD7F-E7D307036E47}.Release|x86.ActiveCfg = Release|Any CPU
		{E619C4A3-8A31-416C-AD7F-E7D307036E47}.Release|x86.Build.0 = Release|Any CPU
		{6C7B8441-41EA-4BAC-9390-1A0F31114ECD}.Debug|Any CPU.ActiveCfg = Debug|Any CPU
		{6C7B8441-41EA-4BAC-9390-1A0F31114ECD}.Debug|Any CPU.Build.0 = Debug|Any CPU
		{6C7B8441-41EA-4BAC-9390-1A0F31114ECD}.Debug|x86.ActiveCfg = Debug|Any CPU
		{6C7B8441-41EA-4BAC-9390-1A0F31114ECD}.Debug|x86.Build.0 = Debug|Any CPU
		{6C7B8441-41EA-4BAC-9390-1A0F31114ECD}.Release|Any CPU.ActiveCfg = Release|Any CPU
		{6C7B8441-41EA-4BAC-9390-1A0F31114ECD}.Release|Any CPU.Build.0 = Release|Any CPU
		{6C7B8441-41EA-4BAC-9390-1A0F31114ECD}.Release|x86.ActiveCfg = Release|Any CPU
		{6C7B8441-41EA-4BAC-9390-1A0F31114ECD}.Release|x86.Build.0 = Release|Any CPU
		{B8A34E6B-B240-4130-8AFF-2FA4448A7E3C}.Debug|Any CPU.ActiveCfg = Debug|Any CPU
		{B8A34E6B-B240-4130-8AFF-2FA4448A7E3C}.Debug|Any CPU.Build.0 = Debug|Any CPU
		{B8A34E6B-B240-4130-8AFF-2FA4448A7E3C}.Debug|x86.ActiveCfg = Debug|Any CPU
		{B8A34E6B-B240-4130-8AFF-2FA4448A7E3C}.Debug|x86.Build.0 = Debug|Any CPU
		{B8A34E6B-B240-4130-8AFF-2FA4448A7E3C}.Release|Any CPU.ActiveCfg = Release|Any CPU
		{B8A34E6B-B240-4130-8AFF-2FA4448A7E3C}.Release|Any CPU.Build.0 = Release|Any CPU
		{B8A34E6B-B240-4130-8AFF-2FA4448A7E3C}.Release|x86.ActiveCfg = Release|Any CPU
		{B8A34E6B-B240-4130-8AFF-2FA4448A7E3C}.Release|x86.Build.0 = Release|Any CPU
		{276746DA-FA3E-48BD-85DD-D0C7D7C37A9E}.Debug|Any CPU.ActiveCfg = Debug|Any CPU
		{276746DA-FA3E-48BD-85DD-D0C7D7C37A9E}.Debug|Any CPU.Build.0 = Debug|Any CPU
		{276746DA-FA3E-48BD-85DD-D0C7D7C37A9E}.Debug|x86.ActiveCfg = Debug|Any CPU
		{276746DA-FA3E-48BD-85DD-D0C7D7C37A9E}.Debug|x86.Build.0 = Debug|Any CPU
		{276746DA-FA3E-48BD-85DD-D0C7D7C37A9E}.Release|Any CPU.ActiveCfg = Release|Any CPU
		{276746DA-FA3E-48BD-85DD-D0C7D7C37A9E}.Release|Any CPU.Build.0 = Release|Any CPU
		{276746DA-FA3E-48BD-85DD-D0C7D7C37A9E}.Release|x86.ActiveCfg = Release|Any CPU
		{276746DA-FA3E-48BD-85DD-D0C7D7C37A9E}.Release|x86.Build.0 = Release|Any CPU
		{74E9663E-A973-4BE7-BC0C-F82FFA085E30}.Debug|Any CPU.ActiveCfg = Debug|Any CPU
		{74E9663E-A973-4BE7-BC0C-F82FFA085E30}.Debug|Any CPU.Build.0 = Debug|Any CPU
		{74E9663E-A973-4BE7-BC0C-F82FFA085E30}.Debug|x86.ActiveCfg = Debug|Any CPU
		{74E9663E-A973-4BE7-BC0C-F82FFA085E30}.Debug|x86.Build.0 = Debug|Any CPU
		{74E9663E-A973-4BE7-BC0C-F82FFA085E30}.Release|Any CPU.ActiveCfg = Release|Any CPU
		{74E9663E-A973-4BE7-BC0C-F82FFA085E30}.Release|Any CPU.Build.0 = Release|Any CPU
		{74E9663E-A973-4BE7-BC0C-F82FFA085E30}.Release|x86.ActiveCfg = Release|Any CPU
		{74E9663E-A973-4BE7-BC0C-F82FFA085E30}.Release|x86.Build.0 = Release|Any CPU
		{F2F207B1-E71E-4B5C-83F0-6122B3FDEB8D}.Debug|Any CPU.ActiveCfg = Debug|Any CPU
		{F2F207B1-E71E-4B5C-83F0-6122B3FDEB8D}.Debug|Any CPU.Build.0 = Debug|Any CPU
		{F2F207B1-E71E-4B5C-83F0-6122B3FDEB8D}.Debug|x86.ActiveCfg = Debug|Any CPU
		{F2F207B1-E71E-4B5C-83F0-6122B3FDEB8D}.Debug|x86.Build.0 = Debug|Any CPU
		{F2F207B1-E71E-4B5C-83F0-6122B3FDEB8D}.Release|Any CPU.ActiveCfg = Release|Any CPU
		{F2F207B1-E71E-4B5C-83F0-6122B3FDEB8D}.Release|Any CPU.Build.0 = Release|Any CPU
		{F2F207B1-E71E-4B5C-83F0-6122B3FDEB8D}.Release|x86.ActiveCfg = Release|Any CPU
		{F2F207B1-E71E-4B5C-83F0-6122B3FDEB8D}.Release|x86.Build.0 = Release|Any CPU
		{21845F27-3CD9-4B76-A7D6-8D388BAFDF89}.Debug|Any CPU.ActiveCfg = Debug|Any CPU
		{21845F27-3CD9-4B76-A7D6-8D388BAFDF89}.Debug|Any CPU.Build.0 = Debug|Any CPU
		{21845F27-3CD9-4B76-A7D6-8D388BAFDF89}.Debug|x86.ActiveCfg = Debug|Any CPU
		{21845F27-3CD9-4B76-A7D6-8D388BAFDF89}.Debug|x86.Build.0 = Debug|Any CPU
		{21845F27-3CD9-4B76-A7D6-8D388BAFDF89}.Release|Any CPU.ActiveCfg = Release|Any CPU
		{21845F27-3CD9-4B76-A7D6-8D388BAFDF89}.Release|Any CPU.Build.0 = Release|Any CPU
		{21845F27-3CD9-4B76-A7D6-8D388BAFDF89}.Release|x86.ActiveCfg = Release|Any CPU
		{21845F27-3CD9-4B76-A7D6-8D388BAFDF89}.Release|x86.Build.0 = Release|Any CPU
		{5F0379C8-B85E-4F73-B192-EDC323C68030}.Debug|Any CPU.ActiveCfg = Debug|Any CPU
		{5F0379C8-B85E-4F73-B192-EDC323C68030}.Debug|Any CPU.Build.0 = Debug|Any CPU
		{5F0379C8-B85E-4F73-B192-EDC323C68030}.Debug|x86.ActiveCfg = Debug|Any CPU
		{5F0379C8-B85E-4F73-B192-EDC323C68030}.Debug|x86.Build.0 = Debug|Any CPU
		{5F0379C8-B85E-4F73-B192-EDC323C68030}.Release|Any CPU.ActiveCfg = Release|Any CPU
		{5F0379C8-B85E-4F73-B192-EDC323C68030}.Release|Any CPU.Build.0 = Release|Any CPU
		{5F0379C8-B85E-4F73-B192-EDC323C68030}.Release|x86.ActiveCfg = Release|Any CPU
		{5F0379C8-B85E-4F73-B192-EDC323C68030}.Release|x86.Build.0 = Release|Any CPU
		{3BBE4082-1B9D-4243-A389-F7128E0C6E0B}.Debug|Any CPU.ActiveCfg = Debug|Any CPU
		{3BBE4082-1B9D-4243-A389-F7128E0C6E0B}.Debug|Any CPU.Build.0 = Debug|Any CPU
		{3BBE4082-1B9D-4243-A389-F7128E0C6E0B}.Debug|x86.ActiveCfg = Debug|Any CPU
		{3BBE4082-1B9D-4243-A389-F7128E0C6E0B}.Debug|x86.Build.0 = Debug|Any CPU
		{3BBE4082-1B9D-4243-A389-F7128E0C6E0B}.Release|Any CPU.ActiveCfg = Release|Any CPU
		{3BBE4082-1B9D-4243-A389-F7128E0C6E0B}.Release|Any CPU.Build.0 = Release|Any CPU
		{3BBE4082-1B9D-4243-A389-F7128E0C6E0B}.Release|x86.ActiveCfg = Release|Any CPU
		{3BBE4082-1B9D-4243-A389-F7128E0C6E0B}.Release|x86.Build.0 = Release|Any CPU
		{7370DE6D-D976-492F-9699-C649470E7244}.Debug|Any CPU.ActiveCfg = Debug|Any CPU
		{7370DE6D-D976-492F-9699-C649470E7244}.Debug|Any CPU.Build.0 = Debug|Any CPU
		{7370DE6D-D976-492F-9699-C649470E7244}.Debug|x86.ActiveCfg = Debug|Any CPU
		{7370DE6D-D976-492F-9699-C649470E7244}.Debug|x86.Build.0 = Debug|Any CPU
		{7370DE6D-D976-492F-9699-C649470E7244}.Release|Any CPU.ActiveCfg = Release|Any CPU
		{7370DE6D-D976-492F-9699-C649470E7244}.Release|Any CPU.Build.0 = Release|Any CPU
		{7370DE6D-D976-492F-9699-C649470E7244}.Release|x86.ActiveCfg = Release|Any CPU
		{7370DE6D-D976-492F-9699-C649470E7244}.Release|x86.Build.0 = Release|Any CPU
		{5262C540-745B-4AD6-BC78-F92387AFAD96}.Debug|Any CPU.ActiveCfg = Debug|Any CPU
		{5262C540-745B-4AD6-BC78-F92387AFAD96}.Debug|Any CPU.Build.0 = Debug|Any CPU
		{5262C540-745B-4AD6-BC78-F92387AFAD96}.Debug|x86.ActiveCfg = Debug|Any CPU
		{5262C540-745B-4AD6-BC78-F92387AFAD96}.Debug|x86.Build.0 = Debug|Any CPU
		{5262C540-745B-4AD6-BC78-F92387AFAD96}.Release|Any CPU.ActiveCfg = Release|Any CPU
		{5262C540-745B-4AD6-BC78-F92387AFAD96}.Release|Any CPU.Build.0 = Release|Any CPU
		{5262C540-745B-4AD6-BC78-F92387AFAD96}.Release|x86.ActiveCfg = Release|Any CPU
		{5262C540-745B-4AD6-BC78-F92387AFAD96}.Release|x86.Build.0 = Release|Any CPU
		{1667D57E-0108-42BF-9AB5-E9A368EB7A1C}.Debug|Any CPU.ActiveCfg = Debug|Any CPU
		{1667D57E-0108-42BF-9AB5-E9A368EB7A1C}.Debug|Any CPU.Build.0 = Debug|Any CPU
		{1667D57E-0108-42BF-9AB5-E9A368EB7A1C}.Debug|x86.ActiveCfg = Debug|Any CPU
		{1667D57E-0108-42BF-9AB5-E9A368EB7A1C}.Debug|x86.Build.0 = Debug|Any CPU
		{1667D57E-0108-42BF-9AB5-E9A368EB7A1C}.Release|Any CPU.ActiveCfg = Release|Any CPU
		{1667D57E-0108-42BF-9AB5-E9A368EB7A1C}.Release|Any CPU.Build.0 = Release|Any CPU
		{1667D57E-0108-42BF-9AB5-E9A368EB7A1C}.Release|x86.ActiveCfg = Release|Any CPU
		{1667D57E-0108-42BF-9AB5-E9A368EB7A1C}.Release|x86.Build.0 = Release|Any CPU
		{E225E6DF-2AD7-4FDA-8152-8C46A1B28DB1}.Debug|Any CPU.ActiveCfg = Debug|Any CPU
		{E225E6DF-2AD7-4FDA-8152-8C46A1B28DB1}.Debug|Any CPU.Build.0 = Debug|Any CPU
		{E225E6DF-2AD7-4FDA-8152-8C46A1B28DB1}.Debug|x86.ActiveCfg = Debug|Any CPU
		{E225E6DF-2AD7-4FDA-8152-8C46A1B28DB1}.Debug|x86.Build.0 = Debug|Any CPU
		{E225E6DF-2AD7-4FDA-8152-8C46A1B28DB1}.Release|Any CPU.ActiveCfg = Release|Any CPU
		{E225E6DF-2AD7-4FDA-8152-8C46A1B28DB1}.Release|Any CPU.Build.0 = Release|Any CPU
		{E225E6DF-2AD7-4FDA-8152-8C46A1B28DB1}.Release|x86.ActiveCfg = Release|Any CPU
		{E225E6DF-2AD7-4FDA-8152-8C46A1B28DB1}.Release|x86.Build.0 = Release|Any CPU
		{54DD4A20-C0D9-474B-93F6-85FDCE349B16}.Debug|Any CPU.ActiveCfg = Debug|Any CPU
		{54DD4A20-C0D9-474B-93F6-85FDCE349B16}.Debug|Any CPU.Build.0 = Debug|Any CPU
		{54DD4A20-C0D9-474B-93F6-85FDCE349B16}.Debug|x86.ActiveCfg = Debug|Any CPU
		{54DD4A20-C0D9-474B-93F6-85FDCE349B16}.Debug|x86.Build.0 = Debug|Any CPU
		{54DD4A20-C0D9-474B-93F6-85FDCE349B16}.Release|Any CPU.ActiveCfg = Release|Any CPU
		{54DD4A20-C0D9-474B-93F6-85FDCE349B16}.Release|Any CPU.Build.0 = Release|Any CPU
		{54DD4A20-C0D9-474B-93F6-85FDCE349B16}.Release|x86.ActiveCfg = Release|Any CPU
		{54DD4A20-C0D9-474B-93F6-85FDCE349B16}.Release|x86.Build.0 = Release|Any CPU
		{B8CA827F-E584-444D-ABD9-6777C01BDAA5}.Debug|Any CPU.ActiveCfg = Debug|Any CPU
		{B8CA827F-E584-444D-ABD9-6777C01BDAA5}.Debug|Any CPU.Build.0 = Debug|Any CPU
		{B8CA827F-E584-444D-ABD9-6777C01BDAA5}.Debug|x86.ActiveCfg = Debug|Any CPU
		{B8CA827F-E584-444D-ABD9-6777C01BDAA5}.Debug|x86.Build.0 = Debug|Any CPU
		{B8CA827F-E584-444D-ABD9-6777C01BDAA5}.Release|Any CPU.ActiveCfg = Release|Any CPU
		{B8CA827F-E584-444D-ABD9-6777C01BDAA5}.Release|Any CPU.Build.0 = Release|Any CPU
		{B8CA827F-E584-444D-ABD9-6777C01BDAA5}.Release|x86.ActiveCfg = Release|Any CPU
		{B8CA827F-E584-444D-ABD9-6777C01BDAA5}.Release|x86.Build.0 = Release|Any CPU
	EndGlobalSection
	GlobalSection(SolutionProperties) = preSolution
		HideSolutionNode = FALSE
	EndGlobalSection
	GlobalSection(NestedProjects) = preSolution
		{B0808ABE-66D8-4091-AC4E-2A0F0221C107} = {26FFC097-CEA4-40AC-8A4B-7430CE614AEE}
		{45841E94-E806-4573-A93B-26D50A07EA9C} = {26FFC097-CEA4-40AC-8A4B-7430CE614AEE}
		{4EFC693F-1889-404A-B163-DF462EEE98C9} = {26FFC097-CEA4-40AC-8A4B-7430CE614AEE}
		{C9088CA0-829D-4845-80C7-CCC057823B75} = {26FFC097-CEA4-40AC-8A4B-7430CE614AEE}
		{CA634426-BC8F-433F-904F-4C685A8E2A01} = {D286D182-C835-4EB2-9B96-D59864D12AD8}
		{31A7D59F-D8CB-41BC-91E7-037720243AED} = {D286D182-C835-4EB2-9B96-D59864D12AD8}
		{7EA38560-E660-4F35-81BD-7E60A33DF18A} = {D286D182-C835-4EB2-9B96-D59864D12AD8}
		{72D2A72F-F48B-4F6C-838F-F48F50BD9C1E} = {B488BDAA-3722-40A6-A404-16E30020CBFB}
		{0716DC0B-BE85-45A0-A1D2-DFC8D18E226E} = {B488BDAA-3722-40A6-A404-16E30020CBFB}
		{65634ED7-0FEA-49FD-A4A1-9F9673D8E5F9} = {26FFC097-CEA4-40AC-8A4B-7430CE614AEE}
		{ADE9201E-1774-4475-9AE4-D0169B6C82B5} = {426967C1-DBCA-47B0-8CEF-92219C7D5C7E}
		{C7398D42-4268-4930-9FAB-05C41BF27AE2} = {01110B5F-8CBD-4115-A839-45C17853B453}
		{98B89EA2-6F39-47FE-A156-B980C731B3DA} = {01110B5F-8CBD-4115-A839-45C17853B453}
		{4BB72167-0A4E-4439-9809-CD78A1597EFA} = {5E042E26-3795-4A55-B9C3-12D4691DE8CA}
		{27D1E3B6-B0EA-477E-85BA-D9A6211B0474} = {5E042E26-3795-4A55-B9C3-12D4691DE8CA}
		{F26CB066-71B3-4E38-BBA5-EEC423A2B1CF} = {5E042E26-3795-4A55-B9C3-12D4691DE8CA}
		{19561772-7AE1-454A-BA44-30F8C07E4079} = {5E042E26-3795-4A55-B9C3-12D4691DE8CA}
		{6CB33A8D-F193-47E6-9FBB-5D2B238F2611} = {5E042E26-3795-4A55-B9C3-12D4691DE8CA}
		{E619C4A3-8A31-416C-AD7F-E7D307036E47} = {5E042E26-3795-4A55-B9C3-12D4691DE8CA}
		{6C7B8441-41EA-4BAC-9390-1A0F31114ECD} = {5E042E26-3795-4A55-B9C3-12D4691DE8CA}
		{B8A34E6B-B240-4130-8AFF-2FA4448A7E3C} = {5E042E26-3795-4A55-B9C3-12D4691DE8CA}
		{276746DA-FA3E-48BD-85DD-D0C7D7C37A9E} = {5E042E26-3795-4A55-B9C3-12D4691DE8CA}
		{74E9663E-A973-4BE7-BC0C-F82FFA085E30} = {5E042E26-3795-4A55-B9C3-12D4691DE8CA}
		{F2F207B1-E71E-4B5C-83F0-6122B3FDEB8D} = {5E042E26-3795-4A55-B9C3-12D4691DE8CA}
		{21845F27-3CD9-4B76-A7D6-8D388BAFDF89} = {5E042E26-3795-4A55-B9C3-12D4691DE8CA}
		{5F0379C8-B85E-4F73-B192-EDC323C68030} = {5E042E26-3795-4A55-B9C3-12D4691DE8CA}
		{3BBE4082-1B9D-4243-A389-F7128E0C6E0B} = {5E042E26-3795-4A55-B9C3-12D4691DE8CA}
		{7370DE6D-D976-492F-9699-C649470E7244} = {5E042E26-3795-4A55-B9C3-12D4691DE8CA}
		{5262C540-745B-4AD6-BC78-F92387AFAD96} = {5E042E26-3795-4A55-B9C3-12D4691DE8CA}
		{1667D57E-0108-42BF-9AB5-E9A368EB7A1C} = {5E042E26-3795-4A55-B9C3-12D4691DE8CA}
		{E225E6DF-2AD7-4FDA-8152-8C46A1B28DB1} = {8ED5A372-EAEF-48C2-82B2-15284237FEAB}
		{54DD4A20-C0D9-474B-93F6-85FDCE349B16} = {8ED5A372-EAEF-48C2-82B2-15284237FEAB}
		{B8CA827F-E584-444D-ABD9-6777C01BDAA5} = {8ED5A372-EAEF-48C2-82B2-15284237FEAB}
	EndGlobalSection
	GlobalSection(ExtensibilityGlobals) = postSolution
		SolutionGuid = {30678D49-BDF0-4609-B0AC-65D0CA1D5687}
	EndGlobalSection
EndGlobal
